// !$*UTF8*$!
{
	archiveVersion = 1;
	classes = {
	};
	objectVersion = 46;
	objects = {

/* Begin PBXBuildFile section */
		794A4145CFDD11F418E2154D /* Pods_VidMe.framework in Frameworks */ = {isa = PBXBuildFile; fileRef = 8288C6CDAE204BF94D902617 /* Pods_VidMe.framework */; };
		CFD66C7D1EAF216100944701 /* AppDelegate.swift in Sources */ = {isa = PBXBuildFile; fileRef = CFD66C7C1EAF216100944701 /* AppDelegate.swift */; };
		CFD66C821EAF216100944701 /* Main.storyboard in Resources */ = {isa = PBXBuildFile; fileRef = CFD66C801EAF216100944701 /* Main.storyboard */; };
		CFD66C841EAF216100944701 /* Assets.xcassets in Resources */ = {isa = PBXBuildFile; fileRef = CFD66C831EAF216100944701 /* Assets.xcassets */; };
		CFD66C871EAF216100944701 /* LaunchScreen.storyboard in Resources */ = {isa = PBXBuildFile; fileRef = CFD66C851EAF216100944701 /* LaunchScreen.storyboard */; };
		CFD66C991EAF225B00944701 /* ListViewController.swift in Sources */ = {isa = PBXBuildFile; fileRef = CFD66C981EAF225B00944701 /* ListViewController.swift */; };
		CFD66C9C1EAF228A00944701 /* ListViewCell.swift in Sources */ = {isa = PBXBuildFile; fileRef = CFD66C9B1EAF228A00944701 /* ListViewCell.swift */; };
		CFD66CA51EAF309D00944701 /* Video.swift in Sources */ = {isa = PBXBuildFile; fileRef = CFD66CA41EAF309D00944701 /* Video.swift */; };
		CFD66CB01EAF386000944701 /* Constants.swift in Sources */ = {isa = PBXBuildFile; fileRef = CFD66CAF1EAF386000944701 /* Constants.swift */; };
		CFD66CB31EAF3CDB00944701 /* Network.swift in Sources */ = {isa = PBXBuildFile; fileRef = CFD66CB21EAF3CDB00944701 /* Network.swift */; };
		CFD66CB51EAF3D0000944701 /* Video+Parser.swift in Sources */ = {isa = PBXBuildFile; fileRef = CFD66CB41EAF3D0000944701 /* Video+Parser.swift */; };
		CFD66CBF1EAF521B00944701 /* AlertViewController.swift in Sources */ = {isa = PBXBuildFile; fileRef = CFD66CB91EAF521B00944701 /* AlertViewController.swift */; };
		CFD66CC11EAF521B00944701 /* SpinnerView.swift in Sources */ = {isa = PBXBuildFile; fileRef = CFD66CBD1EAF521B00944701 /* SpinnerView.swift */; };
		CFD66CC21EAF521B00944701 /* SpinnerView.xib in Resources */ = {isa = PBXBuildFile; fileRef = CFD66CBE1EAF521B00944701 /* SpinnerView.xib */; };
		CFD66CCA1EAF585000944701 /* Alamofire.framework in Frameworks */ = {isa = PBXBuildFile; fileRef = CFD66CC71EAF585000944701 /* Alamofire.framework */; };
		CFD66CD31EAF6DC500944701 /* UIView+Extension.swift in Sources */ = {isa = PBXBuildFile; fileRef = CFD66CD21EAF6DC500944701 /* UIView+Extension.swift */; };
		CFD66CD61EAF8E9900944701 /* NewViewController.swift in Sources */ = {isa = PBXBuildFile; fileRef = CFD66CD51EAF8E9900944701 /* NewViewController.swift */; };
/* End PBXBuildFile section */

/* Begin PBXFileReference section */
		623494DFAABA646D25FEA8CF /* Pods-VidMe.release.xcconfig */ = {isa = PBXFileReference; includeInIndex = 1; lastKnownFileType = text.xcconfig; name = "Pods-VidMe.release.xcconfig"; path = "Pods/Target Support Files/Pods-VidMe/Pods-VidMe.release.xcconfig"; sourceTree = "<group>"; };
		7F6CDDB6D1A45DABBE0A3D4C /* Pods-VidMe.debug.xcconfig */ = {isa = PBXFileReference; includeInIndex = 1; lastKnownFileType = text.xcconfig; name = "Pods-VidMe.debug.xcconfig"; path = "Pods/Target Support Files/Pods-VidMe/Pods-VidMe.debug.xcconfig"; sourceTree = "<group>"; };
		8288C6CDAE204BF94D902617 /* Pods_VidMe.framework */ = {isa = PBXFileReference; explicitFileType = wrapper.framework; includeInIndex = 0; path = Pods_VidMe.framework; sourceTree = BUILT_PRODUCTS_DIR; };
		CFD66C791EAF216100944701 /* VidMe.app */ = {isa = PBXFileReference; explicitFileType = wrapper.application; includeInIndex = 0; path = VidMe.app; sourceTree = BUILT_PRODUCTS_DIR; };
		CFD66C7C1EAF216100944701 /* AppDelegate.swift */ = {isa = PBXFileReference; lastKnownFileType = sourcecode.swift; path = AppDelegate.swift; sourceTree = "<group>"; };
		CFD66C811EAF216100944701 /* Base */ = {isa = PBXFileReference; lastKnownFileType = file.storyboard; name = Base; path = Base.lproj/Main.storyboard; sourceTree = "<group>"; };
		CFD66C831EAF216100944701 /* Assets.xcassets */ = {isa = PBXFileReference; lastKnownFileType = folder.assetcatalog; path = Assets.xcassets; sourceTree = "<group>"; };
		CFD66C861EAF216100944701 /* Base */ = {isa = PBXFileReference; lastKnownFileType = file.storyboard; name = Base; path = Base.lproj/LaunchScreen.storyboard; sourceTree = "<group>"; };
		CFD66C881EAF216100944701 /* Info.plist */ = {isa = PBXFileReference; lastKnownFileType = text.plist.xml; path = Info.plist; sourceTree = "<group>"; };
		CFD66C981EAF225B00944701 /* ListViewController.swift */ = {isa = PBXFileReference; fileEncoding = 4; lastKnownFileType = sourcecode.swift; path = ListViewController.swift; sourceTree = "<group>"; };
		CFD66C9B1EAF228A00944701 /* ListViewCell.swift */ = {isa = PBXFileReference; fileEncoding = 4; lastKnownFileType = sourcecode.swift; path = ListViewCell.swift; sourceTree = "<group>"; };
		CFD66CA41EAF309D00944701 /* Video.swift */ = {isa = PBXFileReference; fileEncoding = 4; lastKnownFileType = sourcecode.swift; path = Video.swift; sourceTree = "<group>"; };
		CFD66CAB1EAF343900944701 /* Alamofire.framework */ = {isa = PBXFileReference; explicitFileType = wrapper.framework; path = Alamofire.framework; sourceTree = BUILT_PRODUCTS_DIR; };
		CFD66CAF1EAF386000944701 /* Constants.swift */ = {isa = PBXFileReference; fileEncoding = 4; lastKnownFileType = sourcecode.swift; path = Constants.swift; sourceTree = "<group>"; };
		CFD66CB21EAF3CDB00944701 /* Network.swift */ = {isa = PBXFileReference; fileEncoding = 4; lastKnownFileType = sourcecode.swift; path = Network.swift; sourceTree = "<group>"; };
		CFD66CB41EAF3D0000944701 /* Video+Parser.swift */ = {isa = PBXFileReference; fileEncoding = 4; lastKnownFileType = sourcecode.swift; path = "Video+Parser.swift"; sourceTree = "<group>"; };
		CFD66CB91EAF521B00944701 /* AlertViewController.swift */ = {isa = PBXFileReference; fileEncoding = 4; lastKnownFileType = sourcecode.swift; path = AlertViewController.swift; sourceTree = "<group>"; };
		CFD66CBD1EAF521B00944701 /* SpinnerView.swift */ = {isa = PBXFileReference; fileEncoding = 4; lastKnownFileType = sourcecode.swift; path = SpinnerView.swift; sourceTree = "<group>"; };
		CFD66CBE1EAF521B00944701 /* SpinnerView.xib */ = {isa = PBXFileReference; fileEncoding = 4; lastKnownFileType = file.xib; path = SpinnerView.xib; sourceTree = "<group>"; };
		CFD66CC71EAF585000944701 /* Alamofire.framework */ = {isa = PBXFileReference; lastKnownFileType = wrapper.framework; name = Alamofire.framework; path = "../../Library/Developer/Xcode/DerivedData/VidMe-fziefurujcdfffgpawrtjehnemsg/Build/Products/Debug-iphonesimulator/Alamofire/Alamofire.framework"; sourceTree = "<group>"; };
		CFD66CD21EAF6DC500944701 /* UIView+Extension.swift */ = {isa = PBXFileReference; fileEncoding = 4; lastKnownFileType = sourcecode.swift; path = "UIView+Extension.swift"; sourceTree = "<group>"; };
		CFD66CD51EAF8E9900944701 /* NewViewController.swift */ = {isa = PBXFileReference; fileEncoding = 4; lastKnownFileType = sourcecode.swift; path = NewViewController.swift; sourceTree = "<group>"; };
/* End PBXFileReference section */

/* Begin PBXFrameworksBuildPhase section */
		CFD66C761EAF216100944701 /* Frameworks */ = {
			isa = PBXFrameworksBuildPhase;
			buildActionMask = 2147483647;
			files = (
				CFD66CCA1EAF585000944701 /* Alamofire.framework in Frameworks */,
				794A4145CFDD11F418E2154D /* Pods_VidMe.framework in Frameworks */,
			);
			runOnlyForDeploymentPostprocessing = 0;
		};
/* End PBXFrameworksBuildPhase section */

/* Begin PBXGroup section */
		02838197433DC63648BFF5BE /* Pods */ = {
			isa = PBXGroup;
			children = (
				7F6CDDB6D1A45DABBE0A3D4C /* Pods-VidMe.debug.xcconfig */,
				623494DFAABA646D25FEA8CF /* Pods-VidMe.release.xcconfig */,
			);
			name = Pods;
			sourceTree = "<group>";
		};
		C1D745E69614DD6C43468FFE /* Frameworks */ = {
			isa = PBXGroup;
			children = (
				CFD66CC71EAF585000944701 /* Alamofire.framework */,
				CFD66CAB1EAF343900944701 /* Alamofire.framework */,
				8288C6CDAE204BF94D902617 /* Pods_VidMe.framework */,
			);
			name = Frameworks;
			sourceTree = "<group>";
		};
		CFD66C701EAF216100944701 = {
			isa = PBXGroup;
			children = (
				CFD66C8E1EAF219200944701 /* src */,
				CFD66C7B1EAF216100944701 /* VidMe */,
				CFD66C9E1EAF274300944701 /* Helper */,
				CFD66C9D1EAF273200944701 /* Support */,
				CFD66C7A1EAF216100944701 /* Products */,
				C1D745E69614DD6C43468FFE /* Frameworks */,
				02838197433DC63648BFF5BE /* Pods */,
			);
			sourceTree = "<group>";
		};
		CFD66C7A1EAF216100944701 /* Products */ = {
			isa = PBXGroup;
			children = (
				CFD66C791EAF216100944701 /* VidMe.app */,
			);
			name = Products;
			sourceTree = "<group>";
		};
		CFD66C7B1EAF216100944701 /* VidMe */ = {
			isa = PBXGroup;
			children = (
				CFD66C7C1EAF216100944701 /* AppDelegate.swift */,
				CFD66C801EAF216100944701 /* Main.storyboard */,
				CFD66C831EAF216100944701 /* Assets.xcassets */,
				CFD66C851EAF216100944701 /* LaunchScreen.storyboard */,
				CFD66C881EAF216100944701 /* Info.plist */,
			);
			path = VidMe;
			sourceTree = "<group>";
		};
		CFD66C8E1EAF219200944701 /* src */ = {
			isa = PBXGroup;
			children = (
				CFD66C901EAF21A100944701 /* Models */,
				CFD66C8F1EAF219900944701 /* UI */,
			);
			path = src;
			sourceTree = "<group>";
		};
		CFD66C8F1EAF219900944701 /* UI */ = {
			isa = PBXGroup;
			children = (
				CFD66CD41EAF8E7500944701 /* NewViewController */,
				CFD66C971EAF224C00944701 /* ListViewController */,
			);
			path = UI;
			sourceTree = "<group>";
		};
		CFD66C901EAF21A100944701 /* Models */ = {
			isa = PBXGroup;
			children = (
				CFD66CB11EAF3CD300944701 /* Network */,
				CFD66CA31EAF309600944701 /* Video */,
			);
			path = Models;
			sourceTree = "<group>";
		};
		CFD66C971EAF224C00944701 /* ListViewController */ = {
			isa = PBXGroup;
			children = (
				CFD66C9A1EAF227700944701 /* ListViewCell */,
				CFD66C981EAF225B00944701 /* ListViewController.swift */,
			);
			path = ListViewController;
			sourceTree = "<group>";
		};
		CFD66C9A1EAF227700944701 /* ListViewCell */ = {
			isa = PBXGroup;
			children = (
				CFD66C9B1EAF228A00944701 /* ListViewCell.swift */,
			);
			path = ListViewCell;
			sourceTree = "<group>";
		};
		CFD66C9D1EAF273200944701 /* Support */ = {
			isa = PBXGroup;
			children = (
				CFD66CC61EAF550300944701 /* Extension */,
				CFD66CB81EAF521B00944701 /* AlertViewController */,
				CFD66CBC1EAF521B00944701 /* SpinnerView */,
			);
			path = Support;
			sourceTree = "<group>";
		};
		CFD66C9E1EAF274300944701 /* Helper */ = {
			isa = PBXGroup;
			children = (
				CFD66CAF1EAF386000944701 /* Constants.swift */,
			);
			path = Helper;
			sourceTree = "<group>";
		};
		CFD66CA31EAF309600944701 /* Video */ = {
			isa = PBXGroup;
			children = (
				CFD66CA41EAF309D00944701 /* Video.swift */,
				CFD66CB41EAF3D0000944701 /* Video+Parser.swift */,
			);
			path = Video;
			sourceTree = "<group>";
		};
		CFD66CB11EAF3CD300944701 /* Network */ = {
			isa = PBXGroup;
			children = (
				CFD66CB21EAF3CDB00944701 /* Network.swift */,
			);
			path = Network;
			sourceTree = "<group>";
		};
		CFD66CB81EAF521B00944701 /* AlertViewController */ = {
			isa = PBXGroup;
			children = (
				CFD66CB91EAF521B00944701 /* AlertViewController.swift */,
			);
			path = AlertViewController;
			sourceTree = "<group>";
		};
		CFD66CBC1EAF521B00944701 /* SpinnerView */ = {
			isa = PBXGroup;
			children = (
				CFD66CBD1EAF521B00944701 /* SpinnerView.swift */,
				CFD66CBE1EAF521B00944701 /* SpinnerView.xib */,
			);
			path = SpinnerView;
			sourceTree = "<group>";
		};
		CFD66CC61EAF550300944701 /* Extension */ = {
			isa = PBXGroup;
			children = (
				CFD66CD21EAF6DC500944701 /* UIView+Extension.swift */,
			);
			path = Extension;
			sourceTree = "<group>";
		};
		CFD66CD41EAF8E7500944701 /* NewViewController */ = {
			isa = PBXGroup;
			children = (
				CFD66CD51EAF8E9900944701 /* NewViewController.swift */,
			);
			path = NewViewController;
			sourceTree = "<group>";
		};
/* End PBXGroup section */

/* Begin PBXNativeTarget section */
		CFD66C781EAF216100944701 /* VidMe */ = {
			isa = PBXNativeTarget;
			buildConfigurationList = CFD66C8B1EAF216100944701 /* Build configuration list for PBXNativeTarget "VidMe" */;
			buildPhases = (
				C3EF72D0EFC7F95D2FB8C5AD /* [CP] Check Pods Manifest.lock */,
				CFD66C751EAF216100944701 /* Sources */,
				CFD66C761EAF216100944701 /* Frameworks */,
				CFD66C771EAF216100944701 /* Resources */,
				EA62CB20BF0905E0691E179E /* [CP] Embed Pods Frameworks */,
				A3EA53C6C58A2FC7F27317E4 /* [CP] Copy Pods Resources */,
			);
			buildRules = (
			);
			dependencies = (
			);
			name = VidMe;
			productName = VidMe;
			productReference = CFD66C791EAF216100944701 /* VidMe.app */;
			productType = "com.apple.product-type.application";
		};
/* End PBXNativeTarget section */

/* Begin PBXProject section */
		CFD66C711EAF216100944701 /* Project object */ = {
			isa = PBXProject;
			attributes = {
				LastSwiftUpdateCheck = 0820;
				LastUpgradeCheck = 0820;
				ORGANIZATIONNAME = "Vladimir Budniy";
				TargetAttributes = {
					CFD66C781EAF216100944701 = {
						CreatedOnToolsVersion = 8.2.1;
						ProvisioningStyle = Automatic;
					};
				};
			};
			buildConfigurationList = CFD66C741EAF216100944701 /* Build configuration list for PBXProject "VidMe" */;
			compatibilityVersion = "Xcode 3.2";
			developmentRegion = English;
			hasScannedForEncodings = 0;
			knownRegions = (
				en,
				Base,
			);
			mainGroup = CFD66C701EAF216100944701;
			productRefGroup = CFD66C7A1EAF216100944701 /* Products */;
			projectDirPath = "";
			projectRoot = "";
			targets = (
				CFD66C781EAF216100944701 /* VidMe */,
			);
		};
/* End PBXProject section */

/* Begin PBXResourcesBuildPhase section */
		CFD66C771EAF216100944701 /* Resources */ = {
			isa = PBXResourcesBuildPhase;
			buildActionMask = 2147483647;
			files = (
				CFD66C871EAF216100944701 /* LaunchScreen.storyboard in Resources */,
				CFD66C841EAF216100944701 /* Assets.xcassets in Resources */,
				CFD66CC21EAF521B00944701 /* SpinnerView.xib in Resources */,
				CFD66C821EAF216100944701 /* Main.storyboard in Resources */,
			);
			runOnlyForDeploymentPostprocessing = 0;
		};
/* End PBXResourcesBuildPhase section */

/* Begin PBXShellScriptBuildPhase section */
		A3EA53C6C58A2FC7F27317E4 /* [CP] Copy Pods Resources */ = {
			isa = PBXShellScriptBuildPhase;
			buildActionMask = 2147483647;
			files = (
			);
			inputPaths = (
			);
			name = "[CP] Copy Pods Resources";
			outputPaths = (
			);
			runOnlyForDeploymentPostprocessing = 0;
			shellPath = /bin/sh;
			shellScript = "\"${SRCROOT}/Pods/Target Support Files/Pods-VidMe/Pods-VidMe-resources.sh\"\n";
			showEnvVarsInLog = 0;
		};
		C3EF72D0EFC7F95D2FB8C5AD /* [CP] Check Pods Manifest.lock */ = {
			isa = PBXShellScriptBuildPhase;
			buildActionMask = 2147483647;
			files = (
			);
			inputPaths = (
			);
			name = "[CP] Check Pods Manifest.lock";
			outputPaths = (
			);
			runOnlyForDeploymentPostprocessing = 0;
			shellPath = /bin/sh;
			shellScript = "diff \"${PODS_ROOT}/../Podfile.lock\" \"${PODS_ROOT}/Manifest.lock\" > /dev/null\nif [ $? != 0 ] ; then\n    # print error to STDERR\n    echo \"error: The sandbox is not in sync with the Podfile.lock. Run 'pod install' or update your CocoaPods installation.\" >&2\n    exit 1\nfi\n";
			showEnvVarsInLog = 0;
		};
		EA62CB20BF0905E0691E179E /* [CP] Embed Pods Frameworks */ = {
			isa = PBXShellScriptBuildPhase;
			buildActionMask = 2147483647;
			files = (
			);
			inputPaths = (
			);
			name = "[CP] Embed Pods Frameworks";
			outputPaths = (
			);
			runOnlyForDeploymentPostprocessing = 0;
			shellPath = /bin/sh;
			shellScript = "\"${SRCROOT}/Pods/Target Support Files/Pods-VidMe/Pods-VidMe-frameworks.sh\"\n";
			showEnvVarsInLog = 0;
		};
/* End PBXShellScriptBuildPhase section */

/* Begin PBXSourcesBuildPhase section */
		CFD66C751EAF216100944701 /* Sources */ = {
			isa = PBXSourcesBuildPhase;
			buildActionMask = 2147483647;
			files = (
				CFD66C9C1EAF228A00944701 /* ListViewCell.swift in Sources */,
				CFD66C7D1EAF216100944701 /* AppDelegate.swift in Sources */,
				CFD66C991EAF225B00944701 /* ListViewController.swift in Sources */,
				CFD66CBF1EAF521B00944701 /* AlertViewController.swift in Sources */,
				CFD66CB51EAF3D0000944701 /* Video+Parser.swift in Sources */,
				CFD66CD61EAF8E9900944701 /* NewViewController.swift in Sources */,
				CFD66CA51EAF309D00944701 /* Video.swift in Sources */,
				CFD66CC11EAF521B00944701 /* SpinnerView.swift in Sources */,
				CFD66CB31EAF3CDB00944701 /* Network.swift in Sources */,
				CFD66CD31EAF6DC500944701 /* UIView+Extension.swift in Sources */,
				CFD66CB01EAF386000944701 /* Constants.swift in Sources */,
			);
			runOnlyForDeploymentPostprocessing = 0;
		};
/* End PBXSourcesBuildPhase section */

/* Begin PBXVariantGroup section */
		CFD66C801EAF216100944701 /* Main.storyboard */ = {
			isa = PBXVariantGroup;
			children = (
				CFD66C811EAF216100944701 /* Base */,
			);
			name = Main.storyboard;
			sourceTree = "<group>";
		};
		CFD66C851EAF216100944701 /* LaunchScreen.storyboard */ = {
			isa = PBXVariantGroup;
			children = (
				CFD66C861EAF216100944701 /* Base */,
			);
			name = LaunchScreen.storyboard;
			sourceTree = "<group>";
		};
/* End PBXVariantGroup section */

/* Begin XCBuildConfiguration section */
		CFD66C891EAF216100944701 /* Debug */ = {
			isa = XCBuildConfiguration;
			buildSettings = {
				ALWAYS_SEARCH_USER_PATHS = NO;
				CLANG_ANALYZER_NONNULL = YES;
				CLANG_CXX_LANGUAGE_STANDARD = "gnu++0x";
				CLANG_CXX_LIBRARY = "libc++";
				CLANG_ENABLE_MODULES = YES;
				CLANG_ENABLE_OBJC_ARC = YES;
				CLANG_WARN_BOOL_CONVERSION = YES;
				CLANG_WARN_CONSTANT_CONVERSION = YES;
				CLANG_WARN_DIRECT_OBJC_ISA_USAGE = YES_ERROR;
				CLANG_WARN_DOCUMENTATION_COMMENTS = YES;
				CLANG_WARN_EMPTY_BODY = YES;
				CLANG_WARN_ENUM_CONVERSION = YES;
				CLANG_WARN_INFINITE_RECURSION = YES;
				CLANG_WARN_INT_CONVERSION = YES;
				CLANG_WARN_OBJC_ROOT_CLASS = YES_ERROR;
				CLANG_WARN_SUSPICIOUS_MOVE = YES;
				CLANG_WARN_UNREACHABLE_CODE = YES;
				CLANG_WARN__DUPLICATE_METHOD_MATCH = YES;
				"CODE_SIGN_IDENTITY[sdk=iphoneos*]" = "iPhone Developer";
				COPY_PHASE_STRIP = NO;
				DEBUG_INFORMATION_FORMAT = dwarf;
				ENABLE_STRICT_OBJC_MSGSEND = YES;
				ENABLE_TESTABILITY = YES;
				GCC_C_LANGUAGE_STANDARD = gnu99;
				GCC_DYNAMIC_NO_PIC = NO;
				GCC_NO_COMMON_BLOCKS = YES;
				GCC_OPTIMIZATION_LEVEL = 0;
				GCC_PREPROCESSOR_DEFINITIONS = (
					"DEBUG=1",
					"$(inherited)",
				);
				GCC_WARN_64_TO_32_BIT_CONVERSION = YES;
				GCC_WARN_ABOUT_RETURN_TYPE = YES_ERROR;
				GCC_WARN_UNDECLARED_SELECTOR = YES;
				GCC_WARN_UNINITIALIZED_AUTOS = YES_AGGRESSIVE;
				GCC_WARN_UNUSED_FUNCTION = YES;
				GCC_WARN_UNUSED_VARIABLE = YES;
				IPHONEOS_DEPLOYMENT_TARGET = 10.2;
				MTL_ENABLE_DEBUG_INFO = YES;
				ONLY_ACTIVE_ARCH = YES;
				SDKROOT = iphoneos;
				SWIFT_ACTIVE_COMPILATION_CONDITIONS = DEBUG;
				SWIFT_OPTIMIZATION_LEVEL = "-Onone";
			};
			name = Debug;
		};
		CFD66C8A1EAF216100944701 /* Release */ = {
			isa = XCBuildConfiguration;
			buildSettings = {
				ALWAYS_SEARCH_USER_PATHS = NO;
				CLANG_ANALYZER_NONNULL = YES;
				CLANG_CXX_LANGUAGE_STANDARD = "gnu++0x";
				CLANG_CXX_LIBRARY = "libc++";
				CLANG_ENABLE_MODULES = YES;
				CLANG_ENABLE_OBJC_ARC = YES;
				CLANG_WARN_BOOL_CONVERSION = YES;
				CLANG_WARN_CONSTANT_CONVERSION = YES;
				CLANG_WARN_DIRECT_OBJC_ISA_USAGE = YES_ERROR;
				CLANG_WARN_DOCUMENTATION_COMMENTS = YES;
				CLANG_WARN_EMPTY_BODY = YES;
				CLANG_WARN_ENUM_CONVERSION = YES;
				CLANG_WARN_INFINITE_RECURSION = YES;
				CLANG_WARN_INT_CONVERSION = YES;
				CLANG_WARN_OBJC_ROOT_CLASS = YES_ERROR;
				CLANG_WARN_SUSPICIOUS_MOVE = YES;
				CLANG_WARN_UNREACHABLE_CODE = YES;
				CLANG_WARN__DUPLICATE_METHOD_MATCH = YES;
				"CODE_SIGN_IDENTITY[sdk=iphoneos*]" = "iPhone Developer";
				COPY_PHASE_STRIP = NO;
				DEBUG_INFORMATION_FORMAT = "dwarf-with-dsym";
				ENABLE_NS_ASSERTIONS = NO;
				ENABLE_STRICT_OBJC_MSGSEND = YES;
				GCC_C_LANGUAGE_STANDARD = gnu99;
				GCC_NO_COMMON_BLOCKS = YES;
				GCC_WARN_64_TO_32_BIT_CONVERSION = YES;
				GCC_WARN_ABOUT_RETURN_TYPE = YES_ERROR;
				GCC_WARN_UNDECLARED_SELECTOR = YES;
				GCC_WARN_UNINITIALIZED_AUTOS = YES_AGGRESSIVE;
				GCC_WARN_UNUSED_FUNCTION = YES;
				GCC_WARN_UNUSED_VARIABLE = YES;
				IPHONEOS_DEPLOYMENT_TARGET = 10.2;
				MTL_ENABLE_DEBUG_INFO = NO;
				SDKROOT = iphoneos;
				SWIFT_OPTIMIZATION_LEVEL = "-Owholemodule";
				VALIDATE_PRODUCT = YES;
			};
			name = Release;
		};
		CFD66C8C1EAF216100944701 /* Debug */ = {
			isa = XCBuildConfiguration;
			baseConfigurationReference = 7F6CDDB6D1A45DABBE0A3D4C /* Pods-VidMe.debug.xcconfig */;
			buildSettings = {
				ASSETCATALOG_COMPILER_APPICON_NAME = AppIcon;
				FRAMEWORK_SEARCH_PATHS = (
					"$(inherited)",
					"$(PROJECT_DIR)/build/Debug-iphoneos/libwebp",
					"$(PROJECT_DIR)/build/Debug-iphoneos/SDWebImage",
				);
				INFOPLIST_FILE = VidMe/Info.plist;
				IPHONEOS_DEPLOYMENT_TARGET = 10.1;
				LD_RUNPATH_SEARCH_PATHS = "$(inherited) @executable_path/Frameworks";
				PRODUCT_BUNDLE_IDENTIFIER = VB.VidMe;
				PRODUCT_NAME = "$(TARGET_NAME)";
				SWIFT_VERSION = 3.0;
			};
			name = Debug;
		};
		CFD66C8D1EAF216100944701 /* Release */ = {
			isa = XCBuildConfiguration;
			baseConfigurationReference = 623494DFAABA646D25FEA8CF /* Pods-VidMe.release.xcconfig */;
			buildSettings = {
				ASSETCATALOG_COMPILER_APPICON_NAME = AppIcon;
				FRAMEWORK_SEARCH_PATHS = (
					"$(inherited)",
					"$(PROJECT_DIR)/build/Debug-iphoneos/libwebp",
					"$(PROJECT_DIR)/build/Debug-iphoneos/SDWebImage",
				);
				INFOPLIST_FILE = VidMe/Info.plist;
				IPHONEOS_DEPLOYMENT_TARGET = 10.1;
				LD_RUNPATH_SEARCH_PATHS = "$(inherited) @executable_path/Frameworks";
				PRODUCT_BUNDLE_IDENTIFIER = VB.VidMe;
				PRODUCT_NAME = "$(TARGET_NAME)";
				SWIFT_VERSION = 3.0;
			};
			name = Release;
		};
/* End XCBuildConfiguration section */

/* Begin XCConfigurationList section */
		CFD66C741EAF216100944701 /* Build configuration list for PBXProject "VidMe" */ = {
			isa = XCConfigurationList;
			buildConfigurations = (
				CFD66C891EAF216100944701 /* Debug */,
				CFD66C8A1EAF216100944701 /* Release */,
			);
			defaultConfigurationIsVisible = 0;
			defaultConfigurationName = Release;
		};
		CFD66C8B1EAF216100944701 /* Build configuration list for PBXNativeTarget "VidMe" */ = {
			isa = XCConfigurationList;
			buildConfigurations = (
				CFD66C8C1EAF216100944701 /* Debug */,
				CFD66C8D1EAF216100944701 /* Release */,
			);
			defaultConfigurationIsVisible = 0;
			defaultConfigurationName = Release;
		};
/* End XCConfigurationList section */
	};
	rootObject = CFD66C711EAF216100944701 /* Project object */;
}
